// !$*UTF8*$!
{
	archiveVersion = 1;
	classes = {
	};
	objectVersion = 50;
	objects = {

/* Begin PBXBuildFile section */
		6046B7A825F57BCF0043F8C9 /* hotmulledwine.mp4 in Resources */ = {isa = PBXBuildFile; fileRef = 6046B7A725F57BCF0043F8C9 /* hotmulledwine.mp4 */; };
		6046B7B325F585040043F8C9 /* carnitas.mp4 in Resources */ = {isa = PBXBuildFile; fileRef = 6046B7B225F585040043F8C9 /* carnitas.mp4 */; };
		60483A8225F6D1850040A95C /* cranberrycake.mp4 in Resources */ = {isa = PBXBuildFile; fileRef = 60483A8125F6D1850040A95C /* cranberrycake.mp4 */; };
		60483A8725F6D1900040A95C /* pumpkinspice.mp4 in Resources */ = {isa = PBXBuildFile; fileRef = 60483A8625F6D1900040A95C /* pumpkinspice.mp4 */; };
		60AA253C25F324DC00DA4581 /* AppDelegate.swift in Sources */ = {isa = PBXBuildFile; fileRef = 60AA253B25F324DC00DA4581 /* AppDelegate.swift */; };
		60AA253E25F324DC00DA4581 /* art.scnassets in Resources */ = {isa = PBXBuildFile; fileRef = 60AA253D25F324DC00DA4581 /* art.scnassets */; };
		60AA254025F324DC00DA4581 /* ViewController.swift in Sources */ = {isa = PBXBuildFile; fileRef = 60AA253F25F324DC00DA4581 /* ViewController.swift */; };
		60AA254325F324DC00DA4581 /* Main.storyboard in Resources */ = {isa = PBXBuildFile; fileRef = 60AA254125F324DC00DA4581 /* Main.storyboard */; };
		60AA254525F324DD00DA4581 /* Assets.xcassets in Resources */ = {isa = PBXBuildFile; fileRef = 60AA254425F324DD00DA4581 /* Assets.xcassets */; };
		60AA254825F324DD00DA4581 /* LaunchScreen.storyboard in Resources */ = {isa = PBXBuildFile; fileRef = 60AA254625F324DD00DA4581 /* LaunchScreen.storyboard */; };
		60AA255325F324DD00DA4581 /* MagicMagazineTests.swift in Sources */ = {isa = PBXBuildFile; fileRef = 60AA255225F324DD00DA4581 /* MagicMagazineTests.swift */; };
		60AA255E25F324DD00DA4581 /* MagicMagazineUITests.swift in Sources */ = {isa = PBXBuildFile; fileRef = 60AA255D25F324DD00DA4581 /* MagicMagazineUITests.swift */; };
		60AA256F25F3261500DA4581 /* sweetpotatosticks.mp4 in Resources */ = {isa = PBXBuildFile; fileRef = 60AA256E25F3261500DA4581 /* sweetpotatosticks.mp4 */; };
/* End PBXBuildFile section */

/* Begin PBXContainerItemProxy section */
		60AA254F25F324DD00DA4581 /* PBXContainerItemProxy */ = {
			isa = PBXContainerItemProxy;
			containerPortal = 60AA253025F324DC00DA4581 /* Project object */;
			proxyType = 1;
			remoteGlobalIDString = 60AA253725F324DC00DA4581;
			remoteInfo = MagicMagazine;
		};
		60AA255A25F324DD00DA4581 /* PBXContainerItemProxy */ = {
			isa = PBXContainerItemProxy;
			containerPortal = 60AA253025F324DC00DA4581 /* Project object */;
			proxyType = 1;
			remoteGlobalIDString = 60AA253725F324DC00DA4581;
			remoteInfo = MagicMagazine;
		};
/* End PBXContainerItemProxy section */

/* Begin PBXFileReference section */
		6046B7A725F57BCF0043F8C9 /* hotmulledwine.mp4 */ = {isa = PBXFileReference; lastKnownFileType = file; name = hotmulledwine.mp4; path = ../../Videos/hotmulledwine.mp4; sourceTree = "<group>"; };
		6046B7B225F585040043F8C9 /* carnitas.mp4 */ = {isa = PBXFileReference; lastKnownFileType = file; name = carnitas.mp4; path = ../../Videos/carnitas.mp4; sourceTree = "<group>"; };
		60483A8125F6D1850040A95C /* cranberrycake.mp4 */ = {isa = PBXFileReference; lastKnownFileType = file; name = cranberrycake.mp4; path = ../../Videos/cranberrycake.mp4; sourceTree = "<group>"; };
		60483A8625F6D1900040A95C /* pumpkinspice.mp4 */ = {isa = PBXFileReference; lastKnownFileType = file; name = pumpkinspice.mp4; path = ../../Videos/pumpkinspice.mp4; sourceTree = "<group>"; };
		60AA253825F324DC00DA4581 /* MagicMagazine.app */ = {isa = PBXFileReference; explicitFileType = wrapper.application; includeInIndex = 0; path = MagicMagazine.app; sourceTree = BUILT_PRODUCTS_DIR; };
		60AA253B25F324DC00DA4581 /* AppDelegate.swift */ = {isa = PBXFileReference; lastKnownFileType = sourcecode.swift; path = AppDelegate.swift; sourceTree = "<group>"; };
		60AA253D25F324DC00DA4581 /* art.scnassets */ = {isa = PBXFileReference; lastKnownFileType = wrapper.scnassets; path = art.scnassets; sourceTree = "<group>"; };
		60AA253F25F324DC00DA4581 /* ViewController.swift */ = {isa = PBXFileReference; lastKnownFileType = sourcecode.swift; path = ViewController.swift; sourceTree = "<group>"; };
		60AA254225F324DC00DA4581 /* Base */ = {isa = PBXFileReference; lastKnownFileType = file.storyboard; name = Base; path = Base.lproj/Main.storyboard; sourceTree = "<group>"; };
		60AA254425F324DD00DA4581 /* Assets.xcassets */ = {isa = PBXFileReference; lastKnownFileType = folder.assetcatalog; path = Assets.xcassets; sourceTree = "<group>"; };
		60AA254725F324DD00DA4581 /* Base */ = {isa = PBXFileReference; lastKnownFileType = file.storyboard; name = Base; path = Base.lproj/LaunchScreen.storyboard; sourceTree = "<group>"; };
		60AA254925F324DD00DA4581 /* Info.plist */ = {isa = PBXFileReference; lastKnownFileType = text.plist.xml; path = Info.plist; sourceTree = "<group>"; };
		60AA254E25F324DD00DA4581 /* MagicMagazineTests.xctest */ = {isa = PBXFileReference; explicitFileType = wrapper.cfbundle; includeInIndex = 0; path = MagicMagazineTests.xctest; sourceTree = BUILT_PRODUCTS_DIR; };
		60AA255225F324DD00DA4581 /* MagicMagazineTests.swift */ = {isa = PBXFileReference; lastKnownFileType = sourcecode.swift; path = MagicMagazineTests.swift; sourceTree = "<group>"; };
		60AA255425F324DD00DA4581 /* Info.plist */ = {isa = PBXFileReference; lastKnownFileType = text.plist.xml; path = Info.plist; sourceTree = "<group>"; };
		60AA255925F324DD00DA4581 /* MagicMagazineUITests.xctest */ = {isa = PBXFileReference; explicitFileType = wrapper.cfbundle; includeInIndex = 0; path = MagicMagazineUITests.xctest; sourceTree = BUILT_PRODUCTS_DIR; };
		60AA255D25F324DD00DA4581 /* MagicMagazineUITests.swift */ = {isa = PBXFileReference; lastKnownFileType = sourcecode.swift; path = MagicMagazineUITests.swift; sourceTree = "<group>"; };
		60AA255F25F324DD00DA4581 /* Info.plist */ = {isa = PBXFileReference; lastKnownFileType = text.plist.xml; path = Info.plist; sourceTree = "<group>"; };
		60AA256E25F3261500DA4581 /* sweetpotatosticks.mp4 */ = {isa = PBXFileReference; lastKnownFileType = file; name = sweetpotatosticks.mp4; path = ../../Videos/sweetpotatosticks.mp4; sourceTree = "<group>"; };
/* End PBXFileReference section */

/* Begin PBXFrameworksBuildPhase section */
		60AA253525F324DC00DA4581 /* Frameworks */ = {
			isa = PBXFrameworksBuildPhase;
			buildActionMask = 2147483647;
			files = (
			);
			runOnlyForDeploymentPostprocessing = 0;
		};
		60AA254B25F324DD00DA4581 /* Frameworks */ = {
			isa = PBXFrameworksBuildPhase;
			buildActionMask = 2147483647;
			files = (
			);
			runOnlyForDeploymentPostprocessing = 0;
		};
		60AA255625F324DD00DA4581 /* Frameworks */ = {
			isa = PBXFrameworksBuildPhase;
			buildActionMask = 2147483647;
			files = (
			);
			runOnlyForDeploymentPostprocessing = 0;
		};
/* End PBXFrameworksBuildPhase section */

/* Begin PBXGroup section */
		60AA252F25F324DC00DA4581 = {
			isa = PBXGroup;
			children = (
				60AA253A25F324DC00DA4581 /* MagicMagazine */,
				60AA255125F324DD00DA4581 /* MagicMagazineTests */,
				60AA255C25F324DD00DA4581 /* MagicMagazineUITests */,
				60AA253925F324DC00DA4581 /* Products */,
			);
			sourceTree = "<group>";
		};
		60AA253925F324DC00DA4581 /* Products */ = {
			isa = PBXGroup;
			children = (
				60AA253825F324DC00DA4581 /* MagicMagazine.app */,
				60AA254E25F324DD00DA4581 /* MagicMagazineTests.xctest */,
				60AA255925F324DD00DA4581 /* MagicMagazineUITests.xctest */,
			);
			name = Products;
			sourceTree = "<group>";
		};
		60AA253A25F324DC00DA4581 /* MagicMagazine */ = {
			isa = PBXGroup;
			children = (
				60483A8125F6D1850040A95C /* cranberrycake.mp4 */,
				60483A8625F6D1900040A95C /* pumpkinspice.mp4 */,
				6046B7B225F585040043F8C9 /* carnitas.mp4 */,
				6046B7A725F57BCF0043F8C9 /* hotmulledwine.mp4 */,
				60AA256E25F3261500DA4581 /* sweetpotatosticks.mp4 */,
				60AA253B25F324DC00DA4581 /* AppDelegate.swift */,
				60AA253D25F324DC00DA4581 /* art.scnassets */,
				60AA253F25F324DC00DA4581 /* ViewController.swift */,
				60AA254125F324DC00DA4581 /* Main.storyboard */,
				60AA254425F324DD00DA4581 /* Assets.xcassets */,
				60AA254625F324DD00DA4581 /* LaunchScreen.storyboard */,
				60AA254925F324DD00DA4581 /* Info.plist */,
			);
			path = MagicMagazine;
			sourceTree = "<group>";
		};
		60AA255125F324DD00DA4581 /* MagicMagazineTests */ = {
			isa = PBXGroup;
			children = (
				60AA255225F324DD00DA4581 /* MagicMagazineTests.swift */,
				60AA255425F324DD00DA4581 /* Info.plist */,
			);
			path = MagicMagazineTests;
			sourceTree = "<group>";
		};
		60AA255C25F324DD00DA4581 /* MagicMagazineUITests */ = {
			isa = PBXGroup;
			children = (
				60AA255D25F324DD00DA4581 /* MagicMagazineUITests.swift */,
				60AA255F25F324DD00DA4581 /* Info.plist */,
			);
			path = MagicMagazineUITests;
			sourceTree = "<group>";
		};
/* End PBXGroup section */

/* Begin PBXNativeTarget section */
		60AA253725F324DC00DA4581 /* MagicMagazine */ = {
			isa = PBXNativeTarget;
			buildConfigurationList = 60AA256225F324DD00DA4581 /* Build configuration list for PBXNativeTarget "MagicMagazine" */;
			buildPhases = (
				60AA253425F324DC00DA4581 /* Sources */,
				60AA253525F324DC00DA4581 /* Frameworks */,
				60AA253625F324DC00DA4581 /* Resources */,
			);
			buildRules = (
			);
			dependencies = (
			);
			name = MagicMagazine;
			productName = MagicMagazine;
			productReference = 60AA253825F324DC00DA4581 /* MagicMagazine.app */;
			productType = "com.apple.product-type.application";
		};
		60AA254D25F324DD00DA4581 /* MagicMagazineTests */ = {
			isa = PBXNativeTarget;
			buildConfigurationList = 60AA256525F324DD00DA4581 /* Build configuration list for PBXNativeTarget "MagicMagazineTests" */;
			buildPhases = (
				60AA254A25F324DD00DA4581 /* Sources */,
				60AA254B25F324DD00DA4581 /* Frameworks */,
				60AA254C25F324DD00DA4581 /* Resources */,
			);
			buildRules = (
			);
			dependencies = (
				60AA255025F324DD00DA4581 /* PBXTargetDependency */,
			);
			name = MagicMagazineTests;
			productName = MagicMagazineTests;
			productReference = 60AA254E25F324DD00DA4581 /* MagicMagazineTests.xctest */;
			productType = "com.apple.product-type.bundle.unit-test";
		};
		60AA255825F324DD00DA4581 /* MagicMagazineUITests */ = {
			isa = PBXNativeTarget;
			buildConfigurationList = 60AA256825F324DD00DA4581 /* Build configuration list for PBXNativeTarget "MagicMagazineUITests" */;
			buildPhases = (
				60AA255525F324DD00DA4581 /* Sources */,
				60AA255625F324DD00DA4581 /* Frameworks */,
				60AA255725F324DD00DA4581 /* Resources */,
			);
			buildRules = (
			);
			dependencies = (
				60AA255B25F324DD00DA4581 /* PBXTargetDependency */,
			);
			name = MagicMagazineUITests;
			productName = MagicMagazineUITests;
			productReference = 60AA255925F324DD00DA4581 /* MagicMagazineUITests.xctest */;
			productType = "com.apple.product-type.bundle.ui-testing";
		};
/* End PBXNativeTarget section */

/* Begin PBXProject section */
		60AA253025F324DC00DA4581 /* Project object */ = {
			isa = PBXProject;
			attributes = {
				LastSwiftUpdateCheck = 1240;
				LastUpgradeCheck = 1240;
				TargetAttributes = {
					60AA253725F324DC00DA4581 = {
						CreatedOnToolsVersion = 12.4;
					};
					60AA254D25F324DD00DA4581 = {
						CreatedOnToolsVersion = 12.4;
						TestTargetID = 60AA253725F324DC00DA4581;
					};
					60AA255825F324DD00DA4581 = {
						CreatedOnToolsVersion = 12.4;
						TestTargetID = 60AA253725F324DC00DA4581;
					};
				};
			};
			buildConfigurationList = 60AA253325F324DC00DA4581 /* Build configuration list for PBXProject "MagicMagazine" */;
			compatibilityVersion = "Xcode 9.3";
			developmentRegion = en;
			hasScannedForEncodings = 0;
			knownRegions = (
				en,
				Base,
			);
			mainGroup = 60AA252F25F324DC00DA4581;
			productRefGroup = 60AA253925F324DC00DA4581 /* Products */;
			projectDirPath = "";
			projectRoot = "";
			targets = (
				60AA253725F324DC00DA4581 /* MagicMagazine */,
				60AA254D25F324DD00DA4581 /* MagicMagazineTests */,
				60AA255825F324DD00DA4581 /* MagicMagazineUITests */,
			);
		};
/* End PBXProject section */

/* Begin PBXResourcesBuildPhase section */
		60AA253625F324DC00DA4581 /* Resources */ = {
			isa = PBXResourcesBuildPhase;
			buildActionMask = 2147483647;
			files = (
				60AA253E25F324DC00DA4581 /* art.scnassets in Resources */,
				60AA254825F324DD00DA4581 /* LaunchScreen.storyboard in Resources */,
				60AA254525F324DD00DA4581 /* Assets.xcassets in Resources */,
				60483A8725F6D1900040A95C /* pumpkinspice.mp4 in Resources */,
				6046B7B325F585040043F8C9 /* carnitas.mp4 in Resources */,
				60483A8225F6D1850040A95C /* cranberrycake.mp4 in Resources */,
				6046B7A825F57BCF0043F8C9 /* hotmulledwine.mp4 in Resources */,
				60AA256F25F3261500DA4581 /* sweetpotatosticks.mp4 in Resources */,
				60AA254325F324DC00DA4581 /* Main.storyboard in Resources */,
			);
			runOnlyForDeploymentPostprocessing = 0;
		};
		60AA254C25F324DD00DA4581 /* Resources */ = {
			isa = PBXResourcesBuildPhase;
			buildActionMask = 2147483647;
			files = (
			);
			runOnlyForDeploymentPostprocessing = 0;
		};
		60AA255725F324DD00DA4581 /* Resources */ = {
			isa = PBXResourcesBuildPhase;
			buildActionMask = 2147483647;
			files = (
			);
			runOnlyForDeploymentPostprocessing = 0;
		};
/* End PBXResourcesBuildPhase section */

/* Begin PBXSourcesBuildPhase section */
		60AA253425F324DC00DA4581 /* Sources */ = {
			isa = PBXSourcesBuildPhase;
			buildActionMask = 2147483647;
			files = (
				60AA254025F324DC00DA4581 /* ViewController.swift in Sources */,
				60AA253C25F324DC00DA4581 /* AppDelegate.swift in Sources */,
			);
			runOnlyForDeploymentPostprocessing = 0;
		};
		60AA254A25F324DD00DA4581 /* Sources */ = {
			isa = PBXSourcesBuildPhase;
			buildActionMask = 2147483647;
			files = (
				60AA255325F324DD00DA4581 /* MagicMagazineTests.swift in Sources */,
			);
			runOnlyForDeploymentPostprocessing = 0;
		};
		60AA255525F324DD00DA4581 /* Sources */ = {
			isa = PBXSourcesBuildPhase;
			buildActionMask = 2147483647;
			files = (
				60AA255E25F324DD00DA4581 /* MagicMagazineUITests.swift in Sources */,
			);
			runOnlyForDeploymentPostprocessing = 0;
		};
/* End PBXSourcesBuildPhase section */

/* Begin PBXTargetDependency section */
		60AA255025F324DD00DA4581 /* PBXTargetDependency */ = {
			isa = PBXTargetDependency;
			target = 60AA253725F324DC00DA4581 /* MagicMagazine */;
			targetProxy = 60AA254F25F324DD00DA4581 /* PBXContainerItemProxy */;
		};
		60AA255B25F324DD00DA4581 /* PBXTargetDependency */ = {
			isa = PBXTargetDependency;
			target = 60AA253725F324DC00DA4581 /* MagicMagazine */;
			targetProxy = 60AA255A25F324DD00DA4581 /* PBXContainerItemProxy */;
		};
/* End PBXTargetDependency section */

/* Begin PBXVariantGroup section */
		60AA254125F324DC00DA4581 /* Main.storyboard */ = {
			isa = PBXVariantGroup;
			children = (
				60AA254225F324DC00DA4581 /* Base */,
			);
			name = Main.storyboard;
			sourceTree = "<group>";
		};
		60AA254625F324DD00DA4581 /* LaunchScreen.storyboard */ = {
			isa = PBXVariantGroup;
			children = (
				60AA254725F324DD00DA4581 /* Base */,
			);
			name = LaunchScreen.storyboard;
			sourceTree = "<group>";
		};
/* End PBXVariantGroup section */

/* Begin XCBuildConfiguration section */
		60AA256025F324DD00DA4581 /* Debug */ = {
			isa = XCBuildConfiguration;
			buildSettings = {
				ALWAYS_SEARCH_USER_PATHS = NO;
				CLANG_ANALYZER_NONNULL = YES;
				CLANG_ANALYZER_NUMBER_OBJECT_CONVERSION = YES_AGGRESSIVE;
				CLANG_CXX_LANGUAGE_STANDARD = "gnu++14";
				CLANG_CXX_LIBRARY = "libc++";
				CLANG_ENABLE_MODULES = YES;
				CLANG_ENABLE_OBJC_ARC = YES;
				CLANG_ENABLE_OBJC_WEAK = YES;
				CLANG_WARN_BLOCK_CAPTURE_AUTORELEASING = YES;
				CLANG_WARN_BOOL_CONVERSION = YES;
				CLANG_WARN_COMMA = YES;
				CLANG_WARN_CONSTANT_CONVERSION = YES;
				CLANG_WARN_DEPRECATED_OBJC_IMPLEMENTATIONS = YES;
				CLANG_WARN_DIRECT_OBJC_ISA_USAGE = YES_ERROR;
				CLANG_WARN_DOCUMENTATION_COMMENTS = YES;
				CLANG_WARN_EMPTY_BODY = YES;
				CLANG_WARN_ENUM_CONVERSION = YES;
				CLANG_WARN_INFINITE_RECURSION = YES;
				CLANG_WARN_INT_CONVERSION = YES;
				CLANG_WARN_NON_LITERAL_NULL_CONVERSION = YES;
				CLANG_WARN_OBJC_IMPLICIT_RETAIN_SELF = YES;
				CLANG_WARN_OBJC_LITERAL_CONVERSION = YES;
				CLANG_WARN_OBJC_ROOT_CLASS = YES_ERROR;
				CLANG_WARN_QUOTED_INCLUDE_IN_FRAMEWORK_HEADER = YES;
				CLANG_WARN_RANGE_LOOP_ANALYSIS = YES;
				CLANG_WARN_STRICT_PROTOTYPES = YES;
				CLANG_WARN_SUSPICIOUS_MOVE = YES;
				CLANG_WARN_UNGUARDED_AVAILABILITY = YES_AGGRESSIVE;
				CLANG_WARN_UNREACHABLE_CODE = YES;
				CLANG_WARN__DUPLICATE_METHOD_MATCH = YES;
				COPY_PHASE_STRIP = NO;
				DEBUG_INFORMATION_FORMAT = dwarf;
				ENABLE_STRICT_OBJC_MSGSEND = YES;
				ENABLE_TESTABILITY = YES;
				GCC_C_LANGUAGE_STANDARD = gnu11;
				GCC_DYNAMIC_NO_PIC = NO;
				GCC_NO_COMMON_BLOCKS = YES;
				GCC_OPTIMIZATION_LEVEL = 0;
				GCC_PREPROCESSOR_DEFINITIONS = (
					"DEBUG=1",
					"$(inherited)",
				);
				GCC_WARN_64_TO_32_BIT_CONVERSION = YES;
				GCC_WARN_ABOUT_RETURN_TYPE = YES_ERROR;
				GCC_WARN_UNDECLARED_SELECTOR = YES;
				GCC_WARN_UNINITIALIZED_AUTOS = YES_AGGRESSIVE;
				GCC_WARN_UNUSED_FUNCTION = YES;
				GCC_WARN_UNUSED_VARIABLE = YES;
				IPHONEOS_DEPLOYMENT_TARGET = 14.4;
				MTL_ENABLE_DEBUG_INFO = INCLUDE_SOURCE;
				MTL_FAST_MATH = YES;
				ONLY_ACTIVE_ARCH = YES;
				SDKROOT = iphoneos;
				SWIFT_ACTIVE_COMPILATION_CONDITIONS = DEBUG;
				SWIFT_OPTIMIZATION_LEVEL = "-Onone";
			};
			name = Debug;
		};
		60AA256125F324DD00DA4581 /* Release */ = {
			isa = XCBuildConfiguration;
			buildSettings = {
				ALWAYS_SEARCH_USER_PATHS = NO;
				CLANG_ANALYZER_NONNULL = YES;
				CLANG_ANALYZER_NUMBER_OBJECT_CONVERSION = YES_AGGRESSIVE;
				CLANG_CXX_LANGUAGE_STANDARD = "gnu++14";
				CLANG_CXX_LIBRARY = "libc++";
				CLANG_ENABLE_MODULES = YES;
				CLANG_ENABLE_OBJC_ARC = YES;
				CLANG_ENABLE_OBJC_WEAK = YES;
				CLANG_WARN_BLOCK_CAPTURE_AUTORELEASING = YES;
				CLANG_WARN_BOOL_CONVERSION = YES;
				CLANG_WARN_COMMA = YES;
				CLANG_WARN_CONSTANT_CONVERSION = YES;
				CLANG_WARN_DEPRECATED_OBJC_IMPLEMENTATIONS = YES;
				CLANG_WARN_DIRECT_OBJC_ISA_USAGE = YES_ERROR;
				CLANG_WARN_DOCUMENTATION_COMMENTS = YES;
				CLANG_WARN_EMPTY_BODY = YES;
				CLANG_WARN_ENUM_CONVERSION = YES;
				CLANG_WARN_INFINITE_RECURSION = YES;
				CLANG_WARN_INT_CONVERSION = YES;
				CLANG_WARN_NON_LITERAL_NULL_CONVERSION = YES;
				CLANG_WARN_OBJC_IMPLICIT_RETAIN_SELF = YES;
				CLANG_WARN_OBJC_LITERAL_CONVERSION = YES;
				CLANG_WARN_OBJC_ROOT_CLASS = YES_ERROR;
				CLANG_WARN_QUOTED_INCLUDE_IN_FRAMEWORK_HEADER = YES;
				CLANG_WARN_RANGE_LOOP_ANALYSIS = YES;
				CLANG_WARN_STRICT_PROTOTYPES = YES;
				CLANG_WARN_SUSPICIOUS_MOVE = YES;
				CLANG_WARN_UNGUARDED_AVAILABILITY = YES_AGGRESSIVE;
				CLANG_WARN_UNREACHABLE_CODE = YES;
				CLANG_WARN__DUPLICATE_METHOD_MATCH = YES;
				COPY_PHASE_STRIP = NO;
				DEBUG_INFORMATION_FORMAT = "dwarf-with-dsym";
				ENABLE_NS_ASSERTIONS = NO;
				ENABLE_STRICT_OBJC_MSGSEND = YES;
				GCC_C_LANGUAGE_STANDARD = gnu11;
				GCC_NO_COMMON_BLOCKS = YES;
				GCC_WARN_64_TO_32_BIT_CONVERSION = YES;
				GCC_WARN_ABOUT_RETURN_TYPE = YES_ERROR;
				GCC_WARN_UNDECLARED_SELECTOR = YES;
				GCC_WARN_UNINITIALIZED_AUTOS = YES_AGGRESSIVE;
				GCC_WARN_UNUSED_FUNCTION = YES;
				GCC_WARN_UNUSED_VARIABLE = YES;
				IPHONEOS_DEPLOYMENT_TARGET = 14.4;
				MTL_ENABLE_DEBUG_INFO = NO;
				MTL_FAST_MATH = YES;
				SDKROOT = iphoneos;
				SWIFT_COMPILATION_MODE = wholemodule;
				SWIFT_OPTIMIZATION_LEVEL = "-O";
				VALIDATE_PRODUCT = YES;
			};
			name = Release;
		};
		60AA256325F324DD00DA4581 /* Debug */ = {
			isa = XCBuildConfiguration;
			buildSettings = {
				ASSETCATALOG_COMPILER_APPICON_NAME = AppIcon;
				ASSETCATALOG_COMPILER_GLOBAL_ACCENT_COLOR_NAME = AccentColor;
				CODE_SIGN_STYLE = Automatic;
				DEVELOPMENT_TEAM = J794GF4GLS;
				INFOPLIST_FILE = MagicMagazine/Info.plist;
				LD_RUNPATH_SEARCH_PATHS = (
					"$(inherited)",
					"@executable_path/Frameworks",
				);
				PRODUCT_BUNDLE_IDENTIFIER = SumonuxHQ.MagicMagazine;
				PRODUCT_NAME = "$(TARGET_NAME)";
				SWIFT_VERSION = 5.0;
				TARGETED_DEVICE_FAMILY = "1,2";
			};
			name = Debug;
		};
		60AA256425F324DD00DA4581 /* Release */ = {
			isa = XCBuildConfiguration;
			buildSettings = {
				ASSETCATALOG_COMPILER_APPICON_NAME = AppIcon;
				ASSETCATALOG_COMPILER_GLOBAL_ACCENT_COLOR_NAME = AccentColor;
				CODE_SIGN_STYLE = Automatic;
				DEVELOPMENT_TEAM = J794GF4GLS;
				INFOPLIST_FILE = MagicMagazine/Info.plist;
				LD_RUNPATH_SEARCH_PATHS = (
					"$(inherited)",
					"@executable_path/Frameworks",
				);
				PRODUCT_BUNDLE_IDENTIFIER = SumonuxHQ.MagicMagazine;
				PRODUCT_NAME = "$(TARGET_NAME)";
				SWIFT_VERSION = 5.0;
				TARGETED_DEVICE_FAMILY = "1,2";
			};
			name = Release;
		};
		60AA256625F324DD00DA4581 /* Debug */ = {
			isa = XCBuildConfiguration;
			buildSettings = {
				ALWAYS_EMBED_SWIFT_STANDARD_LIBRARIES = YES;
				BUNDLE_LOADER = "$(TEST_HOST)";
				CODE_SIGN_STYLE = Automatic;
				DEVELOPMENT_TEAM = J794GF4GLS;
				INFOPLIST_FILE = MagicMagazineTests/Info.plist;
				IPHONEOS_DEPLOYMENT_TARGET = 14.4;
				LD_RUNPATH_SEARCH_PATHS = (
					"$(inherited)",
					"@executable_path/Frameworks",
					"@loader_path/Frameworks",
				);
				PRODUCT_BUNDLE_IDENTIFIER = SumonuxHQ.MagicMagazineTests;
				PRODUCT_NAME = "$(TARGET_NAME)";
				SWIFT_VERSION = 5.0;
				TARGETED_DEVICE_FAMILY = "1,2";
				TEST_HOST = "$(BUILT_PRODUCTS_DIR)/MagicMagazine.app/MagicMagazine";
			};
			name = Debug;
		};
		60AA256725F324DD00DA4581 /* Release */ = {
			isa = XCBuildConfiguration;
			buildSettings = {
				ALWAYS_EMBED_SWIFT_STANDARD_LIBRARIES = YES;
				BUNDLE_LOADER = "$(TEST_HOST)";
				CODE_SIGN_STYLE = Automatic;
				DEVELOPMENT_TEAM = J794GF4GLS;
				INFOPLIST_FILE = MagicMagazineTests/Info.plist;
				IPHONEOS_DEPLOYMENT_TARGET = 14.4;
				LD_RUNPATH_SEARCH_PATHS = (
					"$(inherited)",
					"@executable_path/Frameworks",
					"@loader_path/Frameworks",
				);
				PRODUCT_BUNDLE_IDENTIFIER = SumonuxHQ.MagicMagazineTests;
				PRODUCT_NAME = "$(TARGET_NAME)";
				SWIFT_VERSION = 5.0;
				TARGETED_DEVICE_FAMILY = "1,2";
				TEST_HOST = "$(BUILT_PRODUCTS_DIR)/MagicMagazine.app/MagicMagazine";
			};
			name = Release;
		};
		60AA256925F324DD00DA4581 /* Debug */ = {
			isa = XCBuildConfiguration;
			buildSettings = {
				ALWAYS_EMBED_SWIFT_STANDARD_LIBRARIES = YES;
				CODE_SIGN_STYLE = Automatic;
				DEVELOPMENT_TEAM = J794GF4GLS;
				INFOPLIST_FILE = MagicMagazineUITests/Info.plist;
				LD_RUNPATH_SEARCH_PATHS = (
					"$(inherited)",
					"@executable_path/Frameworks",
					"@loader_path/Frameworks",
				);
				PRODUCT_BUNDLE_IDENTIFIER = SumonuxHQ.MagicMagazineUITests;
				PRODUCT_NAME = "$(TARGET_NAME)";
				SWIFT_VERSION = 5.0;
				TARGETED_DEVICE_FAMILY = "1,2";
				TEST_TARGET_NAME = MagicMagazine;
			};
			name = Debug;
		};
		60AA256A25F324DD00DA4581 /* Release */ = {
			isa = XCBuildConfiguration;
			buildSettings = {
				ALWAYS_EMBED_SWIFT_STANDARD_LIBRARIES = YES;
				CODE_SIGN_STYLE = Automatic;
				DEVELOPMENT_TEAM = J794GF4GLS;
				INFOPLIST_FILE = MagicMagazineUITests/Info.plist;
				LD_RUNPATH_SEARCH_PATHS = (
					"$(inherited)",
					"@executable_path/Frameworks",
					"@loader_path/Frameworks",
				);
				PRODUCT_BUNDLE_IDENTIFIER = SumonuxHQ.MagicMagazineUITests;
				PRODUCT_NAME = "$(TARGET_NAME)";
				SWIFT_VERSION = 5.0;
				TARGETED_DEVICE_FAMILY = "1,2";
				TEST_TARGET_NAME = MagicMagazine;
			};
			name = Release;
		};
/* End XCBuildConfiguration section */

/* Begin XCConfigurationList section */
		60AA253325F324DC00DA4581 /* Build configuration list for PBXProject "MagicMagazine" */ = {
			isa = XCConfigurationList;
			buildConfigurations = (
				60AA256025F324DD00DA4581 /* Debug */,
				60AA256125F324DD00DA4581 /* Release */,
			);
			defaultConfigurationIsVisible = 0;
			defaultConfigurationName = Release;
		};
		60AA256225F324DD00DA4581 /* Build configuration list for PBXNativeTarget "MagicMagazine" */ = {
			isa = XCConfigurationList;
			buildConfigurations = (
				60AA256325F324DD00DA4581 /* Debug */,
				60AA256425F324DD00DA4581 /* Release */,
			);
			defaultConfigurationIsVisible = 0;
			defaultConfigurationName = Release;
		};
		60AA256525F324DD00DA4581 /* Build configuration list for PBXNativeTarget "MagicMagazineTests" */ = {
			isa = XCConfigurationList;
			buildConfigurations = (
				60AA256625F324DD00DA4581 /* Debug */,
				60AA256725F324DD00DA4581 /* Release */,
			);
			defaultConfigurationIsVisible = 0;
			defaultConfigurationName = Release;
		};
		60AA256825F324DD00DA4581 /* Build configuration list for PBXNativeTarget "MagicMagazineUITests" */ = {
			isa = XCConfigurationList;
			buildConfigurations = (
				60AA256925F324DD00DA4581 /* Debug */,
				60AA256A25F324DD00DA4581 /* Release */,
			);
			defaultConfigurationIsVisible = 0;
			defaultConfigurationName = Release;
		};
/* End XCConfigurationList section */
	};
	rootObject = 60AA253025F324DC00DA4581 /* Project object */;
}
